
Microsoft Visual Studio Solution File, Format Version 12.00
# Visual Studio 15
VisualStudioVersion = 15.0.28010.2016
MinimumVisualStudioVersion = 10.0.40219.1
Project("{FAE04EC0-301F-11D3-BF4B-00C04F79EFBC}") = "Sept4", "Sept4\Sept4.csproj", "{D1B67680-BD0D-4AD5-B0F4-62E1A4EC95EE}"
EndProject
Global
	GlobalSection(SolutionConfigurationPlatforms) = preSolution
		Debug|Any CPU = Debug|Any CPU
		Release|Any CPU = Release|Any CPU
	EndGlobalSection
	GlobalSection(ProjectConfigurationPlatforms) = postSolution
		{D1B67680-BD0D-4AD5-B0F4-62E1A4EC95EE}.Debug|Any CPU.ActiveCfg = Debug|Any CPU
		{D1B67680-BD0D-4AD5-B0F4-62E1A4EC95EE}.Debug|Any CPU.Build.0 = Debug|Any CPU
		{D1B67680-BD0D-4AD5-B0F4-62E1A4EC95EE}.Release|Any CPU.ActiveCfg = Release|Any CPU
		{D1B67680-BD0D-4AD5-B0F4-62E1A4EC95EE}.Release|Any CPU.Build.0 = Release|Any CPU
	EndGlobalSection
	GlobalSection(SolutionProperties) = preSolution
		HideSolutionNode = FALSE
	EndGlobalSection
	GlobalSection(ExtensibilityGlobals) = postSolution
		SolutionGuid = {7081F872-A86E-448E-AA70-A8341E71B856}
	EndGlobalSection
EndGlobal
